
Microsoft Visual Studio Solution File, Format Version 12.00
Project("{FAE04EC0-301F-11D3-BF4B-00C04F79EFBC}") = "TestHarness", "TestHarness\TestHarness.csproj", "{1BCE05F3-D429-41FB-B8F1-C8FA044106FC}"
EndProject
Project("{FAE04EC0-301F-11D3-BF4B-00C04F79EFBC}") = "UtilityFunctions", "UtilityFunctions\UtilityFunctions.csproj", "{0DD12349-1977-4780-8459-869AF7F12164}"
EndProject
Global
	GlobalSection(SolutionConfigurationPlatforms) = preSolution
		Debug|Any CPU = Debug|Any CPU
		Release|Any CPU = Release|Any CPU
	EndGlobalSection
	GlobalSection(ProjectConfigurationPlatforms) = postSolution
		{1BCE05F3-D429-41FB-B8F1-C8FA044106FC}.Debug|Any CPU.ActiveCfg = Debug|Any CPU
		{1BCE05F3-D429-41FB-B8F1-C8FA044106FC}.Debug|Any CPU.Build.0 = Debug|Any CPU
		{1BCE05F3-D429-41FB-B8F1-C8FA044106FC}.Release|Any CPU.ActiveCfg = Release|Any CPU
		{1BCE05F3-D429-41FB-B8F1-C8FA044106FC}.Release|Any CPU.Build.0 = Release|Any CPU
		{0DD12349-1977-4780-8459-869AF7F12164}.Debug|Any CPU.ActiveCfg = Debug|Any CPU
		{0DD12349-1977-4780-8459-869AF7F12164}.Debug|Any CPU.Build.0 = Debug|Any CPU
		{0DD12349-1977-4780-8459-869AF7F12164}.Release|Any CPU.ActiveCfg = Release|Any CPU
		{0DD12349-1977-4780-8459-869AF7F12164}.Release|Any CPU.Build.0 = Release|Any CPU
	EndGlobalSection
EndGlobal
